{
  "version": "5",
  "specifiers": {
    "jsr:@nostr/tools@^2.23.1": "2.23.1",
    "jsr:@std/cli@1": "1.0.27",
    "npm:@noble/ciphers@2.1.1": "2.1.1",
    "npm:@noble/curves@2.0.1": "2.0.1",
    "npm:@noble/hashes@2.0.1": "2.0.1",
    "npm:@scure/base@2.0.0": "2.0.0",
    "npm:nostr-tools@*": "2.23.1"
  },
  "jsr": {
    "@nostr/tools@2.23.1": {
      "integrity": "8ffba4ffd35b5c11618b19c542d2801cc315e4f6f2ecad4568deb88322a6728d",
      "dependencies": [
        "npm:@noble/ciphers",
        "npm:@noble/curves",
        "npm:@noble/hashes",
        "npm:@scure/base"
      ]
    },
    "@std/cli@1.0.27": {
      "integrity": "eba97edd0891871a7410e835dd94b3c260c709cca5983df2689c25a71fbe04de"
    }
  },
  "npm": {
    "@noble/ciphers@2.1.1": {
      "integrity": "sha512-bysYuiVfhxNJuldNXlFEitTVdNnYUc+XNJZd7Qm2a5j1vZHgY+fazadNFWFaMK/2vye0JVlxV3gHmC0WDfAOQw=="
    },
    "@noble/curves@2.0.1": {
      "integrity": "sha512-vs1Az2OOTBiP4q0pwjW5aF0xp9n4MxVrmkFBxc6EKZc6ddYx5gaZiAsZoq0uRRXWbi3AT/sBqn05eRPtn1JCPw==",
      "dependencies": [
        "@noble/hashes"
      ]
    },
    "@noble/hashes@2.0.1": {
      "integrity": "sha512-XlOlEbQcE9fmuXxrVTXCTlG2nlRXa9Rj3rr5Ue/+tX+nmkgbX720YHh0VR3hBF9xDvwnb8D2shVGOwNx+ulArw=="
    },
    "@scure/base@2.0.0": {
      "integrity": "sha512-3E1kpuZginKkek01ovG8krQ0Z44E3DHPjc5S2rjJw9lZn3KSQOs8S7wqikF/AH7iRanHypj85uGyxk0XAyC37w=="
    },
    "@scure/bip32@2.0.1": {
      "integrity": "sha512-4Md1NI5BzoVP+bhyJaY3K6yMesEFzNS1sE/cP+9nuvE7p/b0kx9XbpDHHFl8dHtufcbdHRUUQdRqLIPHN/s7yA==",
      "dependencies": [
        "@noble/curves",
        "@noble/hashes",
        "@scure/base"
      ]
    },
    "@scure/bip39@2.0.1": {
      "integrity": "sha512-PsxdFj/d2AcJcZDX1FXN3dDgitDDTmwf78rKZq1a6c1P1Nan1X/Sxc7667zU3U+AN60g7SxxP0YCVw2H/hBycg==",
      "dependencies": [
        "@noble/hashes",
        "@scure/base"
      ]
    },
    "nostr-tools@2.23.1": {
      "integrity": "sha512-Q5SJ1omrseBFXtLwqDhufpFLA6vX3rS/IuBCc974qaYX6YKGwEPxa/ZsyxruUOr+b+5EpWL2hFmCB5AueYrfBw==",
      "dependencies": [
        "@noble/ciphers",
        "@noble/curves",
        "@noble/hashes",
        "@scure/base",
        "@scure/bip32",
        "@scure/bip39",
        "nostr-wasm"
      ]
    },
    "nostr-wasm@0.1.0": {
      "integrity": "sha512-78BTryCLcLYv96ONU8Ws3Q1JzjlAt+43pWQhIl86xZmWeegYCNLPml7yQ+gG3vR6V5h4XGj+TxO+SS5dsThQIA=="
    }
  },
  "workspace": {
    "dependencies": [
      "jsr:@nostr/tools@^2.23.0",
      "jsr:@nostr/tools@^2.23.1"
    ]
  }
}
